
Microsoft Visual Studio Solution File, Format Version 12.00
# Visual Studio Version 16
VisualStudioVersion = 16.0.31019.35
MinimumVisualStudioVersion = 10.0.40219.1
Project("{FAE04EC0-301F-11D3-BF4B-00C04F79EFBC}") = "DVLDv2", "DVLDv2\DVLDv2.csproj", "{504E315C-5E24-4A8A-A713-93EA16D9F324}"
EndProject
Global
	GlobalSection(SolutionConfigurationPlatforms) = preSolution
		Debug|Any CPU = Debug|Any CPU
		Release|Any CPU = Release|Any CPU
	EndGlobalSection
	GlobalSection(ProjectConfigurationPlatforms) = postSolution
		{504E315C-5E24-4A8A-A713-93EA16D9F324}.Debug|Any CPU.ActiveCfg = Debug|Any CPU
		{504E315C-5E24-4A8A-A713-93EA16D9F324}.Debug|Any CPU.Build.0 = Debug|Any CPU
		{504E315C-5E24-4A8A-A713-93EA16D9F324}.Release|Any CPU.ActiveCfg = Release|Any CPU
		{504E315C-5E24-4A8A-A713-93EA16D9F324}.Release|Any CPU.Build.0 = Release|Any CPU
	EndGlobalSection
	GlobalSection(SolutionProperties) = preSolution
		HideSolutionNode = FALSE
	EndGlobalSection
	GlobalSection(ExtensibilityGlobals) = postSolution
		SolutionGuid = {946C2CCC-D970-46A1-8D95-B0CC6AC71615}
	EndGlobalSection
EndGlobal
